
Microsoft Visual Studio Solution File, Format Version 12.00
# Visual Studio Version 16
VisualStudioVersion = 16.0.29215.179
MinimumVisualStudioVersion = 10.0.40219.1
Project("{FAE04EC0-301F-11D3-BF4B-00C04F79EFBC}") = "NetConnectionTest.Android", "NetConnectionTest\NetConnectionTest.Android\NetConnectionTest.Android.csproj", "{55139F0C-0196-446D-9D6C-780AABF2C0E6}"
EndProject
Project("{FAE04EC0-301F-11D3-BF4B-00C04F79EFBC}") = "NetConnectionTest.iOS", "NetConnectionTest\NetConnectionTest.iOS\NetConnectionTest.iOS.csproj", "{20F2A712-2308-468A-8EDA-3B6FB944DECE}"
EndProject
Project("{FAE04EC0-301F-11D3-BF4B-00C04F79EFBC}") = "NetConnectionTest", "NetConnectionTest\NetConnectionTest\NetConnectionTest.csproj", "{CBA3EB32-CA05-4CAA-9736-8338E26BE36E}"
EndProject
Global
	GlobalSection(SolutionConfigurationPlatforms) = preSolution
		Debug|Any CPU = Debug|Any CPU
		Debug|iPhone = Debug|iPhone
		Debug|iPhoneSimulator = Debug|iPhoneSimulator
		Release|Any CPU = Release|Any CPU
		Release|iPhone = Release|iPhone
		Release|iPhoneSimulator = Release|iPhoneSimulator
	EndGlobalSection
	GlobalSection(ProjectConfigurationPlatforms) = postSolution
		{55139F0C-0196-446D-9D6C-780AABF2C0E6}.Debug|Any CPU.ActiveCfg = Debug|Any CPU
		{55139F0C-0196-446D-9D6C-780AABF2C0E6}.Debug|Any CPU.Build.0 = Debug|Any CPU
		{55139F0C-0196-446D-9D6C-780AABF2C0E6}.Debug|Any CPU.Deploy.0 = Debug|Any CPU
		{55139F0C-0196-446D-9D6C-780AABF2C0E6}.Debug|iPhone.ActiveCfg = Debug|Any CPU
		{55139F0C-0196-446D-9D6C-780AABF2C0E6}.Debug|iPhone.Build.0 = Debug|Any CPU
		{55139F0C-0196-446D-9D6C-780AABF2C0E6}.Debug|iPhone.Deploy.0 = Debug|Any CPU
		{55139F0C-0196-446D-9D6C-780AABF2C0E6}.Debug|iPhoneSimulator.ActiveCfg = Debug|Any CPU
		{55139F0C-0196-446D-9D6C-780AABF2C0E6}.Debug|iPhoneSimulator.Build.0 = Debug|Any CPU
		{55139F0C-0196-446D-9D6C-780AABF2C0E6}.Debug|iPhoneSimulator.Deploy.0 = Debug|Any CPU
		{55139F0C-0196-446D-9D6C-780AABF2C0E6}.Release|Any CPU.ActiveCfg = Release|Any CPU
		{55139F0C-0196-446D-9D6C-780AABF2C0E6}.Release|Any CPU.Build.0 = Release|Any CPU
		{55139F0C-0196-446D-9D6C-780AABF2C0E6}.Release|Any CPU.Deploy.0 = Release|Any CPU
		{55139F0C-0196-446D-9D6C-780AABF2C0E6}.Release|iPhone.ActiveCfg = Release|Any CPU
		{55139F0C-0196-446D-9D6C-780AABF2C0E6}.Release|iPhone.Build.0 = Release|Any CPU
		{55139F0C-0196-446D-9D6C-780AABF2C0E6}.Release|iPhone.Deploy.0 = Release|Any CPU
		{55139F0C-0196-446D-9D6C-780AABF2C0E6}.Release|iPhoneSimulator.ActiveCfg = Release|Any CPU
		{55139F0C-0196-446D-9D6C-780AABF2C0E6}.Release|iPhoneSimulator.Build.0 = Release|Any CPU
		{55139F0C-0196-446D-9D6C-780AABF2C0E6}.Release|iPhoneSimulator.Deploy.0 = Release|Any CPU
		{20F2A712-2308-468A-8EDA-3B6FB944DECE}.Debug|Any CPU.ActiveCfg = Debug|iPhoneSimulator
		{20F2A712-2308-468A-8EDA-3B6FB944DECE}.Debug|Any CPU.Build.0 = Debug|iPhoneSimulator
		{20F2A712-2308-468A-8EDA-3B6FB944DECE}.Debug|Any CPU.Deploy.0 = Debug|iPhoneSimulator
		{20F2A712-2308-468A-8EDA-3B6FB944DECE}.Debug|iPhone.ActiveCfg = Debug|iPhone
		{20F2A712-2308-468A-8EDA-3B6FB944DECE}.Debug|iPhone.Build.0 = Debug|iPhone
		{20F2A712-2308-468A-8EDA-3B6FB944DECE}.Debug|iPhone.Deploy.0 = Debug|iPhone
		{20F2A712-2308-468A-8EDA-3B6FB944DECE}.Debug|iPhoneSimulator.ActiveCfg = Debug|iPhoneSimulator
		{20F2A712-2308-468A-8EDA-3B6FB944DECE}.Debug|iPhoneSimulator.Build.0 = Debug|iPhoneSimulator
		{20F2A712-2308-468A-8EDA-3B6FB944DECE}.Debug|iPhoneSimulator.Deploy.0 = Debug|iPhoneSimulator
		{20F2A712-2308-468A-8EDA-3B6FB944DECE}.Release|Any CPU.ActiveCfg = Release|iPhone
		{20F2A712-2308-468A-8EDA-3B6FB944DECE}.Release|Any CPU.Build.0 = Release|iPhone
		{20F2A712-2308-468A-8EDA-3B6FB944DECE}.Release|Any CPU.Deploy.0 = Release|iPhone
		{20F2A712-2308-468A-8EDA-3B6FB944DECE}.Release|iPhone.ActiveCfg = Release|iPhone
		{20F2A712-2308-468A-8EDA-3B6FB944DECE}.Release|iPhone.Build.0 = Release|iPhone
		{20F2A712-2308-468A-8EDA-3B6FB944DECE}.Release|iPhone.Deploy.0 = Release|iPhone
		{20F2A712-2308-468A-8EDA-3B6FB944DECE}.Release|iPhoneSimulator.ActiveCfg = Release|iPhoneSimulator
		{20F2A712-2308-468A-8EDA-3B6FB944DECE}.Release|iPhoneSimulator.Build.0 = Release|iPhoneSimulator
		{20F2A712-2308-468A-8EDA-3B6FB944DECE}.Release|iPhoneSimulator.Deploy.0 = Release|iPhoneSimulator
		{CBA3EB32-CA05-4CAA-9736-8338E26BE36E}.Debug|Any CPU.ActiveCfg = Debug|Any CPU
		{CBA3EB32-CA05-4CAA-9736-8338E26BE36E}.Debug|Any CPU.Build.0 = Debug|Any CPU
		{CBA3EB32-CA05-4CAA-9736-8338E26BE36E}.Debug|Any CPU.Deploy.0 = Debug|Any CPU
		{CBA3EB32-CA05-4CAA-9736-8338E26BE36E}.Debug|iPhone.ActiveCfg = Debug|Any CPU
		{CBA3EB32-CA05-4CAA-9736-8338E26BE36E}.Debug|iPhone.Build.0 = Debug|Any CPU
		{CBA3EB32-CA05-4CAA-9736-8338E26BE36E}.Debug|iPhone.Deploy.0 = Debug|Any CPU
		{CBA3EB32-CA05-4CAA-9736-8338E26BE36E}.Debug|iPhoneSimulator.ActiveCfg = Debug|Any CPU
		{CBA3EB32-CA05-4CAA-9736-8338E26BE36E}.Debug|iPhoneSimulator.Build.0 = Debug|Any CPU
		{CBA3EB32-CA05-4CAA-9736-8338E26BE36E}.Debug|iPhoneSimulator.Deploy.0 = Debug|Any CPU
		{CBA3EB32-CA05-4CAA-9736-8338E26BE36E}.Release|Any CPU.ActiveCfg = Release|Any CPU
		{CBA3EB32-CA05-4CAA-9736-8338E26BE36E}.Release|Any CPU.Build.0 = Release|Any CPU
		{CBA3EB32-CA05-4CAA-9736-8338E26BE36E}.Release|Any CPU.Deploy.0 = Release|Any CPU
		{CBA3EB32-CA05-4CAA-9736-8338E26BE36E}.Release|iPhone.ActiveCfg = Release|Any CPU
		{CBA3EB32-CA05-4CAA-9736-8338E26BE36E}.Release|iPhone.Build.0 = Release|Any CPU
		{CBA3EB32-CA05-4CAA-9736-8338E26BE36E}.Release|iPhone.Deploy.0 = Release|Any CPU
		{CBA3EB32-CA05-4CAA-9736-8338E26BE36E}.Release|iPhoneSimulator.ActiveCfg = Release|Any CPU
		{CBA3EB32-CA05-4CAA-9736-8338E26BE36E}.Release|iPhoneSimulator.Build.0 = Release|Any CPU
		{CBA3EB32-CA05-4CAA-9736-8338E26BE36E}.Release|iPhoneSimulator.Deploy.0 = Release|Any CPU
	EndGlobalSection
	GlobalSection(SolutionProperties) = preSolution
		HideSolutionNode = FALSE
	EndGlobalSection
	GlobalSection(ExtensibilityGlobals) = postSolution
		SolutionGuid = {51C38244-934B-481A-AAA8-F7E8F0C073D5}
	EndGlobalSection
EndGlobal
