
Microsoft Visual Studio Solution File, Format Version 12.00
# Visual Studio Version 16
VisualStudioVersion = 16.0.29306.81
MinimumVisualStudioVersion = 10.0.40219.1
Project("{FAE04EC0-301F-11D3-BF4B-00C04F79EFBC}") = "ListViewTesting", "ListViewTesting\ListViewTesting.csproj", "{1E3C4E21-277D-449A-AE1A-04632C7091F1}"
EndProject
Global
	GlobalSection(SolutionConfigurationPlatforms) = preSolution
		Debug|Any CPU = Debug|Any CPU
		Release|Any CPU = Release|Any CPU
	EndGlobalSection
	GlobalSection(ProjectConfigurationPlatforms) = postSolution
		{1E3C4E21-277D-449A-AE1A-04632C7091F1}.Debug|Any CPU.ActiveCfg = Debug|Any CPU
		{1E3C4E21-277D-449A-AE1A-04632C7091F1}.Debug|Any CPU.Build.0 = Debug|Any CPU
		{1E3C4E21-277D-449A-AE1A-04632C7091F1}.Debug|Any CPU.Deploy.0 = Debug|Any CPU
		{1E3C4E21-277D-449A-AE1A-04632C7091F1}.Release|Any CPU.ActiveCfg = Release|Any CPU
		{1E3C4E21-277D-449A-AE1A-04632C7091F1}.Release|Any CPU.Build.0 = Release|Any CPU
		{1E3C4E21-277D-449A-AE1A-04632C7091F1}.Release|Any CPU.Deploy.0 = Release|Any CPU
	EndGlobalSection
	GlobalSection(SolutionProperties) = preSolution
		HideSolutionNode = FALSE
	EndGlobalSection
	GlobalSection(ExtensibilityGlobals) = postSolution
		SolutionGuid = {32F141AA-F6C8-4475-BDE1-DC46A9FA6C86}
	EndGlobalSection
EndGlobal
